
Microsoft Visual Studio Solution File, Format Version 12.00
# Visual Studio Version 17
VisualStudioVersion = 17.6.34221.33
MinimumVisualStudioVersion = 10.0.40219.1
Project("{FAE04EC0-301F-11D3-BF4B-00C04F79EFBC}") = "MatrixFile", "MatrixFile\MatrixFile.csproj", "{69317448-F803-4D0F-B075-32C2687E8C15}"
EndProject
Global
	GlobalSection(SolutionConfigurationPlatforms) = preSolution
		Debug|Any CPU = Debug|Any CPU
		Release|Any CPU = Release|Any CPU
	EndGlobalSection
	GlobalSection(ProjectConfigurationPlatforms) = postSolution
		{69317448-F803-4D0F-B075-32C2687E8C15}.Debug|Any CPU.ActiveCfg = Debug|Any CPU
		{69317448-F803-4D0F-B075-32C2687E8C15}.Debug|Any CPU.Build.0 = Debug|Any CPU
		{69317448-F803-4D0F-B075-32C2687E8C15}.Release|Any CPU.ActiveCfg = Release|Any CPU
		{69317448-F803-4D0F-B075-32C2687E8C15}.Release|Any CPU.Build.0 = Release|Any CPU
	EndGlobalSection
	GlobalSection(SolutionProperties) = preSolution
		HideSolutionNode = FALSE
	EndGlobalSection
	GlobalSection(ExtensibilityGlobals) = postSolution
		SolutionGuid = {CBBA0758-8E71-4D98-A3DD-F40DA244033B}
	EndGlobalSection
EndGlobal
